<?xml version="1.0" encoding="utf-8"?>
<Project ToolsVersion="4.0" xmlns="http://schemas.microsoft.com/developer/msbuild/2003">
  <ItemGroup>
    <Filter Include="Utils">
      <UniqueIdentifier>{51f48e7d-25d9-476c-8c27-0b4c35bd0e4f}</UniqueIdentifier>
    </Filter>
  </ItemGroup>
  <ItemGroup>
    <ClCompile Include="..\Utils\HTTPDigest.c">
      <Filter>Utils</Filter>
    </ClCompile>
    <ClCompile Include="..\Utils\MD5.c">
      <Filter>Utils</Filter>
    </ClCompile>
    <ClCompile Include="..\main.cpp" />
    <ClCompile Include="..\SipServer.cpp" />
  </ItemGroup>
  <ItemGroup>
    <ClInclude Include="..\Utils\HTTPDigest.h">
      <Filter>Utils</Filter>
    </ClInclude>
    <ClInclude Include="..\Utils\Log.h">
      <Filter>Utils</Filter>
    </ClInclude>
    <ClInclude Include="..\Utils\MD5.h">
      <Filter>Utils</Filter>
    </ClInclude>
    <ClInclude Include="..\SipServer.h" />
  </ItemGroup>
</Project>